
Microsoft Visual Studio Solution File, Format Version 12.00
# Visual Studio 15
VisualStudioVersion = 15.0.28307.1082
MinimumVisualStudioVersion = 10.0.40219.1
Project("{8BC9CEB8-8B4A-11D0-8D11-00A0C91BC942}") = "Hello", "Hello\Hello.vcxproj", "{7DC6D2C6-58F1-43EC-BB15-5B3C3C16CFB2}"
EndProject
Project("{8BC9CEB8-8B4A-11D0-8D11-00A0C91BC942}") = "HomeWork", "HomeWork\HomeWork.vcxproj", "{868CC3D7-4F16-41B5-B655-2736FD105833}"
EndProject
Global
	GlobalSection(SolutionConfigurationPlatforms) = preSolution
		Debug|x64 = Debug|x64
		Debug|x86 = Debug|x86
		Release|x64 = Release|x64
		Release|x86 = Release|x86
	EndGlobalSection
	GlobalSection(ProjectConfigurationPlatforms) = postSolution
		{7DC6D2C6-58F1-43EC-BB15-5B3C3C16CFB2}.Debug|x64.ActiveCfg = Debug|x64
		{7DC6D2C6-58F1-43EC-BB15-5B3C3C16CFB2}.Debug|x64.Build.0 = Debug|x64
		{7DC6D2C6-58F1-43EC-BB15-5B3C3C16CFB2}.Debug|x86.ActiveCfg = Debug|Win32
		{7DC6D2C6-58F1-43EC-BB15-5B3C3C16CFB2}.Debug|x86.Build.0 = Debug|Win32
		{7DC6D2C6-58F1-43EC-BB15-5B3C3C16CFB2}.Release|x64.ActiveCfg = Release|x64
		{7DC6D2C6-58F1-43EC-BB15-5B3C3C16CFB2}.Release|x64.Build.0 = Release|x64
		{7DC6D2C6-58F1-43EC-BB15-5B3C3C16CFB2}.Release|x86.ActiveCfg = Release|Win32
		{7DC6D2C6-58F1-43EC-BB15-5B3C3C16CFB2}.Release|x86.Build.0 = Release|Win32
		{868CC3D7-4F16-41B5-B655-2736FD105833}.Debug|x64.ActiveCfg = Debug|x64
		{868CC3D7-4F16-41B5-B655-2736FD105833}.Debug|x64.Build.0 = Debug|x64
		{868CC3D7-4F16-41B5-B655-2736FD105833}.Debug|x86.ActiveCfg = Debug|Win32
		{868CC3D7-4F16-41B5-B655-2736FD105833}.Debug|x86.Build.0 = Debug|Win32
		{868CC3D7-4F16-41B5-B655-2736FD105833}.Release|x64.ActiveCfg = Release|x64
		{868CC3D7-4F16-41B5-B655-2736FD105833}.Release|x64.Build.0 = Release|x64
		{868CC3D7-4F16-41B5-B655-2736FD105833}.Release|x86.ActiveCfg = Release|Win32
		{868CC3D7-4F16-41B5-B655-2736FD105833}.Release|x86.Build.0 = Release|Win32
	EndGlobalSection
	GlobalSection(SolutionProperties) = preSolution
		HideSolutionNode = FALSE
	EndGlobalSection
	GlobalSection(ExtensibilityGlobals) = postSolution
		SolutionGuid = {656C47A4-1736-4243-83A0-1A015D260EF1}
	EndGlobalSection
EndGlobal
