
Microsoft Visual Studio Solution File, Format Version 12.00
# Visual Studio 15
VisualStudioVersion = 15.0.28307.1082
MinimumVisualStudioVersion = 10.0.40219.1
Project("{8BC9CEB8-8B4A-11D0-8D11-00A0C91BC942}") = "Pointers", "Pointers\Pointers.vcxproj", "{DBD85E02-EF86-478F-9450-88258EC539D3}"
EndProject
Project("{8BC9CEB8-8B4A-11D0-8D11-00A0C91BC942}") = "DynamicArrays", "DynamicArrays\DynamicArrays.vcxproj", "{6DD26F03-74A2-46FB-9B1C-38BE1C9D1EFA}"
EndProject
Global
	GlobalSection(SolutionConfigurationPlatforms) = preSolution
		Debug|x64 = Debug|x64
		Debug|x86 = Debug|x86
		Release|x64 = Release|x64
		Release|x86 = Release|x86
	EndGlobalSection
	GlobalSection(ProjectConfigurationPlatforms) = postSolution
		{DBD85E02-EF86-478F-9450-88258EC539D3}.Debug|x64.ActiveCfg = Debug|x64
		{DBD85E02-EF86-478F-9450-88258EC539D3}.Debug|x64.Build.0 = Debug|x64
		{DBD85E02-EF86-478F-9450-88258EC539D3}.Debug|x86.ActiveCfg = Debug|Win32
		{DBD85E02-EF86-478F-9450-88258EC539D3}.Debug|x86.Build.0 = Debug|Win32
		{DBD85E02-EF86-478F-9450-88258EC539D3}.Release|x64.ActiveCfg = Release|x64
		{DBD85E02-EF86-478F-9450-88258EC539D3}.Release|x64.Build.0 = Release|x64
		{DBD85E02-EF86-478F-9450-88258EC539D3}.Release|x86.ActiveCfg = Release|Win32
		{DBD85E02-EF86-478F-9450-88258EC539D3}.Release|x86.Build.0 = Release|Win32
		{6DD26F03-74A2-46FB-9B1C-38BE1C9D1EFA}.Debug|x64.ActiveCfg = Debug|x64
		{6DD26F03-74A2-46FB-9B1C-38BE1C9D1EFA}.Debug|x64.Build.0 = Debug|x64
		{6DD26F03-74A2-46FB-9B1C-38BE1C9D1EFA}.Debug|x86.ActiveCfg = Debug|Win32
		{6DD26F03-74A2-46FB-9B1C-38BE1C9D1EFA}.Debug|x86.Build.0 = Debug|Win32
		{6DD26F03-74A2-46FB-9B1C-38BE1C9D1EFA}.Release|x64.ActiveCfg = Release|x64
		{6DD26F03-74A2-46FB-9B1C-38BE1C9D1EFA}.Release|x64.Build.0 = Release|x64
		{6DD26F03-74A2-46FB-9B1C-38BE1C9D1EFA}.Release|x86.ActiveCfg = Release|Win32
		{6DD26F03-74A2-46FB-9B1C-38BE1C9D1EFA}.Release|x86.Build.0 = Release|Win32
	EndGlobalSection
	GlobalSection(SolutionProperties) = preSolution
		HideSolutionNode = FALSE
	EndGlobalSection
	GlobalSection(ExtensibilityGlobals) = postSolution
		SolutionGuid = {BF453FAF-631B-4E46-8339-8B26AA42BFC7}
	EndGlobalSection
EndGlobal
