
Microsoft Visual Studio Solution File, Format Version 12.00
# Visual Studio 15
VisualStudioVersion = 15.0.28307.1259
MinimumVisualStudioVersion = 10.0.40219.1
Project("{8BC9CEB8-8B4A-11D0-8D11-00A0C91BC942}") = "ControlStructures", "ControlStructures\ControlStructures.vcxproj", "{20568D2D-C5A5-4852-9625-EC4974F1F930}"
EndProject
Project("{8BC9CEB8-8B4A-11D0-8D11-00A0C91BC942}") = "HomeWork1", "HomeWork1\HomeWork1.vcxproj", "{0DA278C0-0A3F-45B0-9EEB-4505E0008A7A}"
EndProject
Project("{8BC9CEB8-8B4A-11D0-8D11-00A0C91BC942}") = "Shooter", "Shooter\Shooter.vcxproj", "{518398FB-6359-4FA9-9AB8-5836B81F2CC7}"
EndProject
Project("{8BC9CEB8-8B4A-11D0-8D11-00A0C91BC942}") = "FOR_LOOP", "FOR_LOOP\FOR_LOOP.vcxproj", "{F71E43B2-316F-4044-8523-A1624C2E3F83}"
EndProject
Project("{8BC9CEB8-8B4A-11D0-8D11-00A0C91BC942}") = "NESTED_FOR", "NESTED_FOR\NESTED_FOR.vcxproj", "{676C8363-267A-4643-A549-1C23FA7F0349}"
EndProject
Project("{8BC9CEB8-8B4A-11D0-8D11-00A0C91BC942}") = "Geometry", "Geometry\Geometry.vcxproj", "{9BC77165-D706-4DB6-8163-733C72FDC4B1}"
EndProject
Project("{8BC9CEB8-8B4A-11D0-8D11-00A0C91BC942}") = "HardChess", "HardChess\HardChess.vcxproj", "{9F4A59C1-7CF8-4767-A63F-456F61E440F3}"
EndProject
Project("{8BC9CEB8-8B4A-11D0-8D11-00A0C91BC942}") = "VeryCoolChess", "VeryCoolChess\VeryCoolChess.vcxproj", "{967A5920-1823-4DBD-B9EF-30A285BEB458}"
EndProject
Global
	GlobalSection(SolutionConfigurationPlatforms) = preSolution
		Debug|x64 = Debug|x64
		Debug|x86 = Debug|x86
		Release|x64 = Release|x64
		Release|x86 = Release|x86
	EndGlobalSection
	GlobalSection(ProjectConfigurationPlatforms) = postSolution
		{20568D2D-C5A5-4852-9625-EC4974F1F930}.Debug|x64.ActiveCfg = Debug|x64
		{20568D2D-C5A5-4852-9625-EC4974F1F930}.Debug|x64.Build.0 = Debug|x64
		{20568D2D-C5A5-4852-9625-EC4974F1F930}.Debug|x86.ActiveCfg = Debug|Win32
		{20568D2D-C5A5-4852-9625-EC4974F1F930}.Debug|x86.Build.0 = Debug|Win32
		{20568D2D-C5A5-4852-9625-EC4974F1F930}.Release|x64.ActiveCfg = Release|x64
		{20568D2D-C5A5-4852-9625-EC4974F1F930}.Release|x64.Build.0 = Release|x64
		{20568D2D-C5A5-4852-9625-EC4974F1F930}.Release|x86.ActiveCfg = Release|Win32
		{20568D2D-C5A5-4852-9625-EC4974F1F930}.Release|x86.Build.0 = Release|Win32
		{0DA278C0-0A3F-45B0-9EEB-4505E0008A7A}.Debug|x64.ActiveCfg = Debug|x64
		{0DA278C0-0A3F-45B0-9EEB-4505E0008A7A}.Debug|x64.Build.0 = Debug|x64
		{0DA278C0-0A3F-45B0-9EEB-4505E0008A7A}.Debug|x86.ActiveCfg = Debug|Win32
		{0DA278C0-0A3F-45B0-9EEB-4505E0008A7A}.Debug|x86.Build.0 = Debug|Win32
		{0DA278C0-0A3F-45B0-9EEB-4505E0008A7A}.Release|x64.ActiveCfg = Release|x64
		{0DA278C0-0A3F-45B0-9EEB-4505E0008A7A}.Release|x64.Build.0 = Release|x64
		{0DA278C0-0A3F-45B0-9EEB-4505E0008A7A}.Release|x86.ActiveCfg = Release|Win32
		{0DA278C0-0A3F-45B0-9EEB-4505E0008A7A}.Release|x86.Build.0 = Release|Win32
		{518398FB-6359-4FA9-9AB8-5836B81F2CC7}.Debug|x64.ActiveCfg = Debug|x64
		{518398FB-6359-4FA9-9AB8-5836B81F2CC7}.Debug|x64.Build.0 = Debug|x64
		{518398FB-6359-4FA9-9AB8-5836B81F2CC7}.Debug|x86.ActiveCfg = Debug|Win32
		{518398FB-6359-4FA9-9AB8-5836B81F2CC7}.Debug|x86.Build.0 = Debug|Win32
		{518398FB-6359-4FA9-9AB8-5836B81F2CC7}.Release|x64.ActiveCfg = Release|x64
		{518398FB-6359-4FA9-9AB8-5836B81F2CC7}.Release|x64.Build.0 = Release|x64
		{518398FB-6359-4FA9-9AB8-5836B81F2CC7}.Release|x86.ActiveCfg = Release|Win32
		{518398FB-6359-4FA9-9AB8-5836B81F2CC7}.Release|x86.Build.0 = Release|Win32
		{F71E43B2-316F-4044-8523-A1624C2E3F83}.Debug|x64.ActiveCfg = Debug|x64
		{F71E43B2-316F-4044-8523-A1624C2E3F83}.Debug|x64.Build.0 = Debug|x64
		{F71E43B2-316F-4044-8523-A1624C2E3F83}.Debug|x86.ActiveCfg = Debug|Win32
		{F71E43B2-316F-4044-8523-A1624C2E3F83}.Debug|x86.Build.0 = Debug|Win32
		{F71E43B2-316F-4044-8523-A1624C2E3F83}.Release|x64.ActiveCfg = Release|x64
		{F71E43B2-316F-4044-8523-A1624C2E3F83}.Release|x64.Build.0 = Release|x64
		{F71E43B2-316F-4044-8523-A1624C2E3F83}.Release|x86.ActiveCfg = Release|Win32
		{F71E43B2-316F-4044-8523-A1624C2E3F83}.Release|x86.Build.0 = Release|Win32
		{676C8363-267A-4643-A549-1C23FA7F0349}.Debug|x64.ActiveCfg = Debug|x64
		{676C8363-267A-4643-A549-1C23FA7F0349}.Debug|x64.Build.0 = Debug|x64
		{676C8363-267A-4643-A549-1C23FA7F0349}.Debug|x86.ActiveCfg = Debug|Win32
		{676C8363-267A-4643-A549-1C23FA7F0349}.Debug|x86.Build.0 = Debug|Win32
		{676C8363-267A-4643-A549-1C23FA7F0349}.Release|x64.ActiveCfg = Release|x64
		{676C8363-267A-4643-A549-1C23FA7F0349}.Release|x64.Build.0 = Release|x64
		{676C8363-267A-4643-A549-1C23FA7F0349}.Release|x86.ActiveCfg = Release|Win32
		{676C8363-267A-4643-A549-1C23FA7F0349}.Release|x86.Build.0 = Release|Win32
		{9BC77165-D706-4DB6-8163-733C72FDC4B1}.Debug|x64.ActiveCfg = Debug|x64
		{9BC77165-D706-4DB6-8163-733C72FDC4B1}.Debug|x64.Build.0 = Debug|x64
		{9BC77165-D706-4DB6-8163-733C72FDC4B1}.Debug|x86.ActiveCfg = Debug|Win32
		{9BC77165-D706-4DB6-8163-733C72FDC4B1}.Debug|x86.Build.0 = Debug|Win32
		{9BC77165-D706-4DB6-8163-733C72FDC4B1}.Release|x64.ActiveCfg = Release|x64
		{9BC77165-D706-4DB6-8163-733C72FDC4B1}.Release|x64.Build.0 = Release|x64
		{9BC77165-D706-4DB6-8163-733C72FDC4B1}.Release|x86.ActiveCfg = Release|Win32
		{9BC77165-D706-4DB6-8163-733C72FDC4B1}.Release|x86.Build.0 = Release|Win32
		{9F4A59C1-7CF8-4767-A63F-456F61E440F3}.Debug|x64.ActiveCfg = Debug|x64
		{9F4A59C1-7CF8-4767-A63F-456F61E440F3}.Debug|x64.Build.0 = Debug|x64
		{9F4A59C1-7CF8-4767-A63F-456F61E440F3}.Debug|x86.ActiveCfg = Debug|Win32
		{9F4A59C1-7CF8-4767-A63F-456F61E440F3}.Debug|x86.Build.0 = Debug|Win32
		{9F4A59C1-7CF8-4767-A63F-456F61E440F3}.Release|x64.ActiveCfg = Release|x64
		{9F4A59C1-7CF8-4767-A63F-456F61E440F3}.Release|x64.Build.0 = Release|x64
		{9F4A59C1-7CF8-4767-A63F-456F61E440F3}.Release|x86.ActiveCfg = Release|Win32
		{9F4A59C1-7CF8-4767-A63F-456F61E440F3}.Release|x86.Build.0 = Release|Win32
		{967A5920-1823-4DBD-B9EF-30A285BEB458}.Debug|x64.ActiveCfg = Debug|x64
		{967A5920-1823-4DBD-B9EF-30A285BEB458}.Debug|x64.Build.0 = Debug|x64
		{967A5920-1823-4DBD-B9EF-30A285BEB458}.Debug|x86.ActiveCfg = Debug|Win32
		{967A5920-1823-4DBD-B9EF-30A285BEB458}.Debug|x86.Build.0 = Debug|Win32
		{967A5920-1823-4DBD-B9EF-30A285BEB458}.Release|x64.ActiveCfg = Release|x64
		{967A5920-1823-4DBD-B9EF-30A285BEB458}.Release|x64.Build.0 = Release|x64
		{967A5920-1823-4DBD-B9EF-30A285BEB458}.Release|x86.ActiveCfg = Release|Win32
		{967A5920-1823-4DBD-B9EF-30A285BEB458}.Release|x86.Build.0 = Release|Win32
	EndGlobalSection
	GlobalSection(SolutionProperties) = preSolution
		HideSolutionNode = FALSE
	EndGlobalSection
	GlobalSection(ExtensibilityGlobals) = postSolution
		SolutionGuid = {637AF714-DA06-4B29-BB83-335AED9647D9}
	EndGlobalSection
EndGlobal
